[[external_source]]
id = "fkst-ops"
git = "https://github.com/ChronoAIProject/fkst-ops.git"
checkout_role = "mechanism"
[external_source.resolved]
rev = "74f304efa3e04b2d69dd9df43ad152876148e2fb"
tree_sha256 = "sha256-785df04b740e94d54235ef48e9cf480431c4deff11daa44296ee927c40fd3e03"

[[external_source]]
id = "fkst-packages"
git = "https://github.com/ChronoAIProject/fkst-packages.git"
checkout_role = "deployment-operated"

[[external_source]]
id = "fkst-substrate"
git = "https://github.com/ChronoAIProject/fkst-substrate.git"
checkout_role = "deployment-operated"

[[external_source]]
id = "fkst-website"
git = "https://github.com/ChronoAIProject/fkst-website.git"
checkout_role = "deployment-operated"
