[[external_source]]
id = "fkst-ops"
git = "https://github.com/ChronoAIProject/fkst-ops.git"
checkout_role = "mechanism"
[external_source.resolved]
rev = "241f0a9ec541511ab782380bd3000733641b215a"
tree_sha256 = "sha256-a7706096bc6566d0c519d4a3db0490a0e6aa435fd6040887c06ab86831b5dec2"

[[external_source]]
id = "fkst-packages"
git = "https://github.com/ChronoAIProject/fkst-packages.git"
checkout_role = "deployment-operated"

[[external_source]]
id = "fkst-substrate"
git = "https://github.com/ChronoAIProject/fkst-substrate.git"
checkout_role = "deployment-operated"

[[external_source]]
id = "fkst-website"
git = "https://github.com/ChronoAIProject/fkst-website.git"
checkout_role = "deployment-operated"
