[[external_source]]
id = "fkst-ops"
git = "https://github.com/ChronoAIProject/fkst-ops.git"
checkout_role = "mechanism"
[external_source.resolved]
rev = "07e3152874e368037680b58ff2ea4851a9a6b59b"
tree_sha256 = "sha256-3835c85a62006d8109a280f2476034205c883661b0f169dd193f6a4401fce868"

[[external_source]]
id = "fkst-packages"
git = "https://github.com/ChronoAIProject/fkst-packages.git"
checkout_role = "deployment-operated"

[[external_source]]
id = "fkst-substrate"
git = "https://github.com/ChronoAIProject/fkst-substrate.git"
checkout_role = "deployment-operated"

[[external_source]]
id = "fkst-website"
git = "https://github.com/ChronoAIProject/fkst-website.git"
checkout_role = "deployment-operated"
